
Microsoft Visual Studio Solution File, Format Version 12.00
Project("{2150E333-8FDC-42A3-9474-1A3956D46DE8}") = "Catalog", "Catalog", "{E769E2A0-66AF-44D6-9300-C45D3889E06A}"
EndProject
Project("{FAE04EC0-301F-11D3-BF4B-00C04F79EFBC}") = "Catalog.Host", "Catalog\Catalog.Host\Catalog.Host.csproj", "{6A8E9683-762E-4E83-BD60-75822AC8265D}"
EndProject
Project("{2150E333-8FDC-42A3-9474-1A3956D46DE8}") = "SolutionItems", "SolutionItems", "{DCFFDCA1-598D-4EA6-AAF6-4BE647B27C32}"
	ProjectSection(SolutionItems) = preProject
		docker-compose.yml = docker-compose.yml
		README.md = README.md
		settings.ruleset = settings.ruleset
	EndProjectSection
EndProject
Global
	GlobalSection(SolutionConfigurationPlatforms) = preSolution
		Debug|Any CPU = Debug|Any CPU
		Release|Any CPU = Release|Any CPU
	EndGlobalSection
	GlobalSection(ProjectConfigurationPlatforms) = postSolution
		{6A8E9683-762E-4E83-BD60-75822AC8265D}.Debug|Any CPU.ActiveCfg = Debug|Any CPU
		{6A8E9683-762E-4E83-BD60-75822AC8265D}.Debug|Any CPU.Build.0 = Debug|Any CPU
		{6A8E9683-762E-4E83-BD60-75822AC8265D}.Release|Any CPU.ActiveCfg = Release|Any CPU
		{6A8E9683-762E-4E83-BD60-75822AC8265D}.Release|Any CPU.Build.0 = Release|Any CPU
	EndGlobalSection
	GlobalSection(NestedProjects) = preSolution
		{6A8E9683-762E-4E83-BD60-75822AC8265D} = {E769E2A0-66AF-44D6-9300-C45D3889E06A}
	EndGlobalSection
EndGlobal
